
Microsoft Visual Studio Solution File, Format Version 12.00
# Visual Studio Version 16
VisualStudioVersion = 16.0.32126.315
MinimumVisualStudioVersion = 10.0.40219.1
Project("{8BC9CEB8-8B4A-11D0-8D11-00A0C91BC942}") = "ProyectoAeropuertos", "ProyectoAeropuertos.vcxproj", "{0934A9E8-C329-4AF0-A93D-F3DD96AFBB53}"
EndProject
Global
	GlobalSection(SolutionConfigurationPlatforms) = preSolution
		Debug|x64 = Debug|x64
		Debug|x86 = Debug|x86
		Release|x64 = Release|x64
		Release|x86 = Release|x86
	EndGlobalSection
	GlobalSection(ProjectConfigurationPlatforms) = postSolution
		{0934A9E8-C329-4AF0-A93D-F3DD96AFBB53}.Debug|x64.ActiveCfg = Debug|x64
		{0934A9E8-C329-4AF0-A93D-F3DD96AFBB53}.Debug|x64.Build.0 = Debug|x64
		{0934A9E8-C329-4AF0-A93D-F3DD96AFBB53}.Debug|x86.ActiveCfg = Debug|Win32
		{0934A9E8-C329-4AF0-A93D-F3DD96AFBB53}.Debug|x86.Build.0 = Debug|Win32
		{0934A9E8-C329-4AF0-A93D-F3DD96AFBB53}.Release|x64.ActiveCfg = Release|x64
		{0934A9E8-C329-4AF0-A93D-F3DD96AFBB53}.Release|x64.Build.0 = Release|x64
		{0934A9E8-C329-4AF0-A93D-F3DD96AFBB53}.Release|x86.ActiveCfg = Release|Win32
		{0934A9E8-C329-4AF0-A93D-F3DD96AFBB53}.Release|x86.Build.0 = Release|Win32
	EndGlobalSection
	GlobalSection(SolutionProperties) = preSolution
		HideSolutionNode = FALSE
	EndGlobalSection
	GlobalSection(ExtensibilityGlobals) = postSolution
		SolutionGuid = {CA141CF4-F011-4322-A2FE-69057BD0241F}
	EndGlobalSection
EndGlobal
